
Microsoft Visual Studio Solution File, Format Version 12.00
Project("{FAE04EC0-301F-11D3-BF4B-00C04F79EFBC}") = "BikeSharing.Console", "BikeSharing.Console\BikeSharing.Console.csproj", "{3892CBD5-A106-405B-9599-4CCD41883DEF}"
EndProject
Global
	GlobalSection(SolutionConfigurationPlatforms) = preSolution
		Debug|Any CPU = Debug|Any CPU
		Release|Any CPU = Release|Any CPU
	EndGlobalSection
	GlobalSection(ProjectConfigurationPlatforms) = postSolution
		{3892CBD5-A106-405B-9599-4CCD41883DEF}.Debug|Any CPU.ActiveCfg = Debug|Any CPU
		{3892CBD5-A106-405B-9599-4CCD41883DEF}.Debug|Any CPU.Build.0 = Debug|Any CPU
		{3892CBD5-A106-405B-9599-4CCD41883DEF}.Release|Any CPU.ActiveCfg = Release|Any CPU
		{3892CBD5-A106-405B-9599-4CCD41883DEF}.Release|Any CPU.Build.0 = Release|Any CPU
	EndGlobalSection
EndGlobal
